
Microsoft Visual Studio Solution File, Format Version 12.00
# Visual Studio 15
VisualStudioVersion = 15.0.26124.0
MinimumVisualStudioVersion = 15.0.26124.0
Project("{FAE04EC0-301F-11D3-BF4B-00C04F79EFBC}") = "Pollsar.Web.Server", "Pollsar.Web.Server\Pollsar.Web.Server.csproj", "{D8F15CB6-1373-4EB9-A7FC-2FF791275ABB}"
EndProject
Project("{FAE04EC0-301F-11D3-BF4B-00C04F79EFBC}") = "Pollsar.Web.Client", "Pollsar.Web.Client\Pollsar.Web.Client.csproj", "{C8A72C1C-01D2-4758-B7E0-8A031D3DD7B2}"
EndProject
Project("{FAE04EC0-301F-11D3-BF4B-00C04F79EFBC}") = "Pollsar.Shared", "Pollsar.Shared\Pollsar.Shared.csproj", "{E2CDB997-13D0-4D3B-BD12-B14D62A76238}"
EndProject
Global
	GlobalSection(SolutionConfigurationPlatforms) = preSolution
		Debug|Any CPU = Debug|Any CPU
		Debug|x64 = Debug|x64
		Debug|x86 = Debug|x86
		Release|Any CPU = Release|Any CPU
		Release|x64 = Release|x64
		Release|x86 = Release|x86
	EndGlobalSection
	GlobalSection(SolutionProperties) = preSolution
		HideSolutionNode = FALSE
	EndGlobalSection
	GlobalSection(ProjectConfigurationPlatforms) = postSolution
		{D8F15CB6-1373-4EB9-A7FC-2FF791275ABB}.Debug|Any CPU.ActiveCfg = Debug|Any CPU
		{D8F15CB6-1373-4EB9-A7FC-2FF791275ABB}.Debug|Any CPU.Build.0 = Debug|Any CPU
		{D8F15CB6-1373-4EB9-A7FC-2FF791275ABB}.Debug|x64.ActiveCfg = Debug|Any CPU
		{D8F15CB6-1373-4EB9-A7FC-2FF791275ABB}.Debug|x64.Build.0 = Debug|Any CPU
		{D8F15CB6-1373-4EB9-A7FC-2FF791275ABB}.Debug|x86.ActiveCfg = Debug|Any CPU
		{D8F15CB6-1373-4EB9-A7FC-2FF791275ABB}.Debug|x86.Build.0 = Debug|Any CPU
		{D8F15CB6-1373-4EB9-A7FC-2FF791275ABB}.Release|Any CPU.ActiveCfg = Release|Any CPU
		{D8F15CB6-1373-4EB9-A7FC-2FF791275ABB}.Release|Any CPU.Build.0 = Release|Any CPU
		{D8F15CB6-1373-4EB9-A7FC-2FF791275ABB}.Release|x64.ActiveCfg = Release|Any CPU
		{D8F15CB6-1373-4EB9-A7FC-2FF791275ABB}.Release|x64.Build.0 = Release|Any CPU
		{D8F15CB6-1373-4EB9-A7FC-2FF791275ABB}.Release|x86.ActiveCfg = Release|Any CPU
		{D8F15CB6-1373-4EB9-A7FC-2FF791275ABB}.Release|x86.Build.0 = Release|Any CPU
		{C8A72C1C-01D2-4758-B7E0-8A031D3DD7B2}.Debug|Any CPU.ActiveCfg = Debug|Any CPU
		{C8A72C1C-01D2-4758-B7E0-8A031D3DD7B2}.Debug|Any CPU.Build.0 = Debug|Any CPU
		{C8A72C1C-01D2-4758-B7E0-8A031D3DD7B2}.Debug|x64.ActiveCfg = Debug|Any CPU
		{C8A72C1C-01D2-4758-B7E0-8A031D3DD7B2}.Debug|x64.Build.0 = Debug|Any CPU
		{C8A72C1C-01D2-4758-B7E0-8A031D3DD7B2}.Debug|x86.ActiveCfg = Debug|Any CPU
		{C8A72C1C-01D2-4758-B7E0-8A031D3DD7B2}.Debug|x86.Build.0 = Debug|Any CPU
		{C8A72C1C-01D2-4758-B7E0-8A031D3DD7B2}.Release|Any CPU.ActiveCfg = Release|Any CPU
		{C8A72C1C-01D2-4758-B7E0-8A031D3DD7B2}.Release|Any CPU.Build.0 = Release|Any CPU
		{C8A72C1C-01D2-4758-B7E0-8A031D3DD7B2}.Release|x64.ActiveCfg = Release|Any CPU
		{C8A72C1C-01D2-4758-B7E0-8A031D3DD7B2}.Release|x64.Build.0 = Release|Any CPU
		{C8A72C1C-01D2-4758-B7E0-8A031D3DD7B2}.Release|x86.ActiveCfg = Release|Any CPU
		{C8A72C1C-01D2-4758-B7E0-8A031D3DD7B2}.Release|x86.Build.0 = Release|Any CPU
		{E2CDB997-13D0-4D3B-BD12-B14D62A76238}.Debug|Any CPU.ActiveCfg = Debug|Any CPU
		{E2CDB997-13D0-4D3B-BD12-B14D62A76238}.Debug|Any CPU.Build.0 = Debug|Any CPU
		{E2CDB997-13D0-4D3B-BD12-B14D62A76238}.Debug|x64.ActiveCfg = Debug|Any CPU
		{E2CDB997-13D0-4D3B-BD12-B14D62A76238}.Debug|x64.Build.0 = Debug|Any CPU
		{E2CDB997-13D0-4D3B-BD12-B14D62A76238}.Debug|x86.ActiveCfg = Debug|Any CPU
		{E2CDB997-13D0-4D3B-BD12-B14D62A76238}.Debug|x86.Build.0 = Debug|Any CPU
		{E2CDB997-13D0-4D3B-BD12-B14D62A76238}.Release|Any CPU.ActiveCfg = Release|Any CPU
		{E2CDB997-13D0-4D3B-BD12-B14D62A76238}.Release|Any CPU.Build.0 = Release|Any CPU
		{E2CDB997-13D0-4D3B-BD12-B14D62A76238}.Release|x64.ActiveCfg = Release|Any CPU
		{E2CDB997-13D0-4D3B-BD12-B14D62A76238}.Release|x64.Build.0 = Release|Any CPU
		{E2CDB997-13D0-4D3B-BD12-B14D62A76238}.Release|x86.ActiveCfg = Release|Any CPU
		{E2CDB997-13D0-4D3B-BD12-B14D62A76238}.Release|x86.Build.0 = Release|Any CPU
	EndGlobalSection
EndGlobal
